
Microsoft Visual Studio Solution File, Format Version 11.00
# Visual Studio 2010
Project("{FAE04EC0-301F-11D3-BF4B-00C04F79EFBC}") = "AzureConference", "AzureConference\AzureConference.csproj", "{32A031D3-4FCA-4C18-BBA5-BED184EEBBB1}"
EndProject
Project("{CC5FD16D-436D-48AD-A40C-5A424C6E3E79}") = "AzureConference.Azure", "AzureConference.Azure\AzureConference.Azure.ccproj", "{8AA27921-CF73-45CC-8C30-26E3A8017110}"
EndProject
Global
	GlobalSection(SolutionConfigurationPlatforms) = preSolution
		Debug|Any CPU = Debug|Any CPU
		Release|Any CPU = Release|Any CPU
	EndGlobalSection
	GlobalSection(ProjectConfigurationPlatforms) = postSolution
		{32A031D3-4FCA-4C18-BBA5-BED184EEBBB1}.Debug|Any CPU.ActiveCfg = Debug|Any CPU
		{32A031D3-4FCA-4C18-BBA5-BED184EEBBB1}.Debug|Any CPU.Build.0 = Debug|Any CPU
		{32A031D3-4FCA-4C18-BBA5-BED184EEBBB1}.Release|Any CPU.ActiveCfg = Release|Any CPU
		{32A031D3-4FCA-4C18-BBA5-BED184EEBBB1}.Release|Any CPU.Build.0 = Release|Any CPU
		{8AA27921-CF73-45CC-8C30-26E3A8017110}.Debug|Any CPU.ActiveCfg = Debug|Any CPU
		{8AA27921-CF73-45CC-8C30-26E3A8017110}.Debug|Any CPU.Build.0 = Debug|Any CPU
		{8AA27921-CF73-45CC-8C30-26E3A8017110}.Release|Any CPU.ActiveCfg = Release|Any CPU
		{8AA27921-CF73-45CC-8C30-26E3A8017110}.Release|Any CPU.Build.0 = Release|Any CPU
	EndGlobalSection
	GlobalSection(SolutionProperties) = preSolution
		HideSolutionNode = FALSE
	EndGlobalSection
EndGlobal
